
Microsoft Visual Studio Solution File, Format Version 12.00
# Visual Studio Version 16
VisualStudioVersion = 16.0.30517.126
MinimumVisualStudioVersion = 10.0.40219.1
Project("{8BC9CEB8-8B4A-11D0-8D11-00A0C91BC942}") = "MarkerBasedAugmentedReality", "MarkerBasedAugmentedReality.vcxproj", "{B1BFF01B-EAAF-4858-8DBD-CC4C0CA42363}"
EndProject
Global
	GlobalSection(SolutionConfigurationPlatforms) = preSolution
		Debug|x64 = Debug|x64
		Debug|x86 = Debug|x86
		Release|x64 = Release|x64
		Release|x86 = Release|x86
	EndGlobalSection
	GlobalSection(ProjectConfigurationPlatforms) = postSolution
		{B1BFF01B-EAAF-4858-8DBD-CC4C0CA42363}.Debug|x64.ActiveCfg = Debug|x64
		{B1BFF01B-EAAF-4858-8DBD-CC4C0CA42363}.Debug|x64.Build.0 = Debug|x64
		{B1BFF01B-EAAF-4858-8DBD-CC4C0CA42363}.Debug|x86.ActiveCfg = Debug|Win32
		{B1BFF01B-EAAF-4858-8DBD-CC4C0CA42363}.Debug|x86.Build.0 = Debug|Win32
		{B1BFF01B-EAAF-4858-8DBD-CC4C0CA42363}.Release|x64.ActiveCfg = Release|x64
		{B1BFF01B-EAAF-4858-8DBD-CC4C0CA42363}.Release|x64.Build.0 = Release|x64
		{B1BFF01B-EAAF-4858-8DBD-CC4C0CA42363}.Release|x86.ActiveCfg = Release|Win32
		{B1BFF01B-EAAF-4858-8DBD-CC4C0CA42363}.Release|x86.Build.0 = Release|Win32
	EndGlobalSection
	GlobalSection(SolutionProperties) = preSolution
		HideSolutionNode = FALSE
	EndGlobalSection
	GlobalSection(ExtensibilityGlobals) = postSolution
		SolutionGuid = {FFBB21FA-2A4E-4CDA-B20D-75604D2CC72E}
	EndGlobalSection
EndGlobal
